// !$*UTF8*$!
{
	archiveVersion = 1;
	classes = {
	};
	objectVersion = 77;
	objects = {

/* Begin PBXBuildFile section */
		2BB120AD304AC1BF0017A753 /* AppDelegate.swift in Sources */ = {isa = PBXBuildFile; fileRef = 2BB120AC304AC1BF0017A753 /* AppDelegate.swift */; };
		2BB120AF304AC1BF0017A753 /* SceneDelegate.swift in Sources */ = {isa = PBXBuildFile; fileRef = 2BB120AE304AC1BF0017A753 /* SceneDelegate.swift */; };
		2BB120B2304AC1BF0017A753 /* LaunchScreen.storyboard in Resources */ = {isa = PBXBuildFile; fileRef = 2BB120B0304AC1BF0017A753 /* LaunchScreen.storyboard */; };
		2BB120B5304AC1BF0017A753 /* Main.storyboard in Resources */ = {isa = PBXBuildFile; fileRef = 2BB120B3304AC1BF0017A753 /* Main.storyboard */; };
		2BB120BE304AC1BF0017A753 /* AppDelegate.swift in Sources */ = {isa = PBXBuildFile; fileRef = 2BB120BD304AC1BF0017A753 /* AppDelegate.swift */; };
		2BB120C1304AC1BF0017A753 /* Main.storyboard in Resources */ = {isa = PBXBuildFile; fileRef = 2BB120BF304AC1BF0017A753 /* Main.storyboard */; };
		2BB120C8304AC1BF0017A753 /* 小说一键换名 Extension.appex in Embed Foundation Extensions */ = {isa = PBXBuildFile; fileRef = 2BB120C7304AC1BF0017A753 /* 小说一键换名 Extension.appex */; settings = {ATTRIBUTES = (RemoveHeadersOnCopy, ); }; };
		2BB120D2304AC1BF0017A753 /* 小说一键换名 Extension.appex in Embed Foundation Extensions */ = {isa = PBXBuildFile; fileRef = 2BB120D1304AC1BF0017A753 /* 小说一键换名 Extension.appex */; settings = {ATTRIBUTES = (RemoveHeadersOnCopy, ); }; };
		2BB120D7304AC1BF0017A753 /* Main.html in Resources */ = {isa = PBXBuildFile; fileRef = 2BB1209C304AC1BE0017A753 /* Main.html */; };
		2BB120D8304AC1BF0017A753 /* Main.html in Resources */ = {isa = PBXBuildFile; fileRef = 2BB1209C304AC1BE0017A753 /* Main.html */; };
		2BB120D9304AC1BF0017A753 /* Icon.png in Resources */ = {isa = PBXBuildFile; fileRef = 2BB1209E304AC1BE0017A753 /* Icon.png */; };
		2BB120DA304AC1BF0017A753 /* Icon.png in Resources */ = {isa = PBXBuildFile; fileRef = 2BB1209E304AC1BE0017A753 /* Icon.png */; };
		2BB120DB304AC1BF0017A753 /* Style.css in Resources */ = {isa = PBXBuildFile; fileRef = 2BB1209F304AC1BE0017A753 /* Style.css */; };
		2BB120DC304AC1BF0017A753 /* Style.css in Resources */ = {isa = PBXBuildFile; fileRef = 2BB1209F304AC1BE0017A753 /* Style.css */; };
		2BB120DD304AC1BF0017A753 /* Script.js in Resources */ = {isa = PBXBuildFile; fileRef = 2BB120A0304AC1BE0017A753 /* Script.js */; };
		2BB120DE304AC1BF0017A753 /* Script.js in Resources */ = {isa = PBXBuildFile; fileRef = 2BB120A0304AC1BE0017A753 /* Script.js */; };
		2BB120DF304AC1BF0017A753 /* ViewController.swift in Sources */ = {isa = PBXBuildFile; fileRef = 2BB120A1304AC1BE0017A753 /* ViewController.swift */; };
		2BB120E0304AC1BF0017A753 /* ViewController.swift in Sources */ = {isa = PBXBuildFile; fileRef = 2BB120A1304AC1BE0017A753 /* ViewController.swift */; };
		2BB120E1304AC1BF0017A753 /* Assets.xcassets in Resources */ = {isa = PBXBuildFile; fileRef = 2BB120A2304AC1BF0017A753 /* Assets.xcassets */; };
		2BB120E2304AC1BF0017A753 /* Assets.xcassets in Resources */ = {isa = PBXBuildFile; fileRef = 2BB120A2304AC1BF0017A753 /* Assets.xcassets */; };
		2BB120E3304AC1BF0017A753 /* SafariWebExtensionHandler.swift in Sources */ = {isa = PBXBuildFile; fileRef = 2BB120A4304AC1BF0017A753 /* SafariWebExtensionHandler.swift */; };
		2BB120E4304AC1BF0017A753 /* SafariWebExtensionHandler.swift in Sources */ = {isa = PBXBuildFile; fileRef = 2BB120A4304AC1BF0017A753 /* SafariWebExtensionHandler.swift */; };
		2BB120FC304AC1BF0017A753 /* popup.js in Resources */ = {isa = PBXBuildFile; fileRef = 2BB120F6304AC1BF0017A753 /* popup.js */; };
		2BB120FD304AC1BF0017A753 /* styles.css in Resources */ = {isa = PBXBuildFile; fileRef = 2BB120F7304AC1BF0017A753 /* styles.css */; };
		2BB120FE304AC1BF0017A753 /* popup.html in Resources */ = {isa = PBXBuildFile; fileRef = 2BB120F8304AC1BF0017A753 /* popup.html */; };
		2BB120FF304AC1BF0017A753 /* icons in Resources */ = {isa = PBXBuildFile; fileRef = 2BB120F9304AC1BF0017A753 /* icons */; };
		2BB12100304AC1BF0017A753 /* manifest.json in Resources */ = {isa = PBXBuildFile; fileRef = 2BB120FA304AC1BF0017A753 /* manifest.json */; };
		2BB12101304AC1BF0017A753 /* content.js in Resources */ = {isa = PBXBuildFile; fileRef = 2BB120FB304AC1BF0017A753 /* content.js */; };
		2BB12102304AC1BF0017A753 /* popup.js in Resources */ = {isa = PBXBuildFile; fileRef = 2BB120F6304AC1BF0017A753 /* popup.js */; };
		2BB12103304AC1BF0017A753 /* styles.css in Resources */ = {isa = PBXBuildFile; fileRef = 2BB120F7304AC1BF0017A753 /* styles.css */; };
		2BB12104304AC1BF0017A753 /* popup.html in Resources */ = {isa = PBXBuildFile; fileRef = 2BB120F8304AC1BF0017A753 /* popup.html */; };
		2BB12105304AC1BF0017A753 /* icons in Resources */ = {isa = PBXBuildFile; fileRef = 2BB120F9304AC1BF0017A753 /* icons */; };
		2BB12106304AC1BF0017A753 /* manifest.json in Resources */ = {isa = PBXBuildFile; fileRef = 2BB120FA304AC1BF0017A753 /* manifest.json */; };
		2BB12107304AC1BF0017A753 /* content.js in Resources */ = {isa = PBXBuildFile; fileRef = 2BB120FB304AC1BF0017A753 /* content.js */; };
/* End PBXBuildFile section */

/* Begin PBXContainerItemProxy section */
		2BB120C9304AC1BF0017A753 /* PBXContainerItemProxy */ = {
			isa = PBXContainerItemProxy;
			containerPortal = 2BB12096304AC1BD0017A753 /* Project object */;
			proxyType = 1;
			remoteGlobalIDString = 2BB120C6304AC1BF0017A753;
			remoteInfo = "小说一键换名 Extension (iOS)";
		};
		2BB120D3304AC1BF0017A753 /* PBXContainerItemProxy */ = {
			isa = PBXContainerItemProxy;
			containerPortal = 2BB12096304AC1BD0017A753 /* Project object */;
			proxyType = 1;
			remoteGlobalIDString = 2BB120D0304AC1BF0017A753;
			remoteInfo = "小说一键换名 Extension (macOS)";
		};
/* End PBXContainerItemProxy section */

/* Begin PBXCopyFilesBuildPhase section */
		2BB120EA304AC1BF0017A753 /* Embed Foundation Extensions */ = {
			isa = PBXCopyFilesBuildPhase;
			buildActionMask = 2147483647;
			dstPath = "";
			dstSubfolderSpec = 13;
			files = (
				2BB120C8304AC1BF0017A753 /* 小说一键换名 Extension.appex in Embed Foundation Extensions */,
			);
			name = "Embed Foundation Extensions";
			runOnlyForDeploymentPostprocessing = 0;
		};
		2BB120F1304AC1BF0017A753 /* Embed Foundation Extensions */ = {
			isa = PBXCopyFilesBuildPhase;
			buildActionMask = 2147483647;
			dstPath = "";
			dstSubfolderSpec = 13;
			files = (
				2BB120D2304AC1BF0017A753 /* 小说一键换名 Extension.appex in Embed Foundation Extensions */,
			);
			name = "Embed Foundation Extensions";
			runOnlyForDeploymentPostprocessing = 0;
		};
/* End PBXCopyFilesBuildPhase section */

/* Begin PBXFileReference section */
		2BB1209D304AC1BE0017A753 /* Base */ = {isa = PBXFileReference; lastKnownFileType = text.html; name = Base; path = Base.lproj/Main.html; sourceTree = "<group>"; };
		2BB1209E304AC1BE0017A753 /* Icon.png */ = {isa = PBXFileReference; lastKnownFileType = image.png; path = Icon.png; sourceTree = "<group>"; };
		2BB1209F304AC1BE0017A753 /* Style.css */ = {isa = PBXFileReference; lastKnownFileType = text.css; path = Style.css; sourceTree = "<group>"; };
		2BB120A0304AC1BE0017A753 /* Script.js */ = {isa = PBXFileReference; lastKnownFileType = sourcecode.javascript; path = Script.js; sourceTree = "<group>"; };
		2BB120A1304AC1BE0017A753 /* ViewController.swift */ = {isa = PBXFileReference; lastKnownFileType = sourcecode.swift; path = ViewController.swift; sourceTree = "<group>"; };
		2BB120A2304AC1BF0017A753 /* Assets.xcassets */ = {isa = PBXFileReference; lastKnownFileType = folder.assetcatalog; path = Assets.xcassets; sourceTree = "<group>"; };
		2BB120A4304AC1BF0017A753 /* SafariWebExtensionHandler.swift */ = {isa = PBXFileReference; lastKnownFileType = sourcecode.swift; path = SafariWebExtensionHandler.swift; sourceTree = "<group>"; };
		2BB120A9304AC1BF0017A753 /* 小说一键换名.app */ = {isa = PBXFileReference; explicitFileType = wrapper.application; includeInIndex = 0; path = "小说一键换名.app"; sourceTree = BUILT_PRODUCTS_DIR; };
		2BB120AC304AC1BF0017A753 /* AppDelegate.swift */ = {isa = PBXFileReference; lastKnownFileType = sourcecode.swift; path = AppDelegate.swift; sourceTree = "<group>"; };
		2BB120AE304AC1BF0017A753 /* SceneDelegate.swift */ = {isa = PBXFileReference; lastKnownFileType = sourcecode.swift; path = SceneDelegate.swift; sourceTree = "<group>"; };
		2BB120B1304AC1BF0017A753 /* Base */ = {isa = PBXFileReference; lastKnownFileType = file.storyboard; name = Base; path = Base.lproj/LaunchScreen.storyboard; sourceTree = "<group>"; };
		2BB120B4304AC1BF0017A753 /* Base */ = {isa = PBXFileReference; lastKnownFileType = file.storyboard; name = Base; path = Base.lproj/Main.storyboard; sourceTree = "<group>"; };
		2BB120B6304AC1BF0017A753 /* Info.plist */ = {isa = PBXFileReference; lastKnownFileType = text.plist.xml; path = Info.plist; sourceTree = "<group>"; };
		2BB120BB304AC1BF0017A753 /* 小说一键换名.app */ = {isa = PBXFileReference; explicitFileType = wrapper.application; includeInIndex = 0; path = "小说一键换名.app"; sourceTree = BUILT_PRODUCTS_DIR; };
		2BB120BD304AC1BF0017A753 /* AppDelegate.swift */ = {isa = PBXFileReference; lastKnownFileType = sourcecode.swift; path = AppDelegate.swift; sourceTree = "<group>"; };
		2BB120C0304AC1BF0017A753 /* Base */ = {isa = PBXFileReference; lastKnownFileType = file.storyboard; name = Base; path = Base.lproj/Main.storyboard; sourceTree = "<group>"; };
		2BB120C2304AC1BF0017A753 /* Info.plist */ = {isa = PBXFileReference; lastKnownFileType = text.plist.xml; path = Info.plist; sourceTree = "<group>"; };
		2BB120C7304AC1BF0017A753 /* 小说一键换名 Extension.appex */ = {isa = PBXFileReference; explicitFileType = "wrapper.app-extension"; includeInIndex = 0; path = "小说一键换名 Extension.appex"; sourceTree = BUILT_PRODUCTS_DIR; };
		2BB120CC304AC1BF0017A753 /* Info.plist */ = {isa = PBXFileReference; lastKnownFileType = text.plist.xml; path = Info.plist; sourceTree = "<group>"; };
		2BB120D1304AC1BF0017A753 /* 小说一键换名 Extension.appex */ = {isa = PBXFileReference; explicitFileType = "wrapper.app-extension"; includeInIndex = 0; path = "小说一键换名 Extension.appex"; sourceTree = BUILT_PRODUCTS_DIR; };
		2BB120D6304AC1BF0017A753 /* Info.plist */ = {isa = PBXFileReference; lastKnownFileType = text.plist.xml; path = Info.plist; sourceTree = "<group>"; };
		2BB120F6304AC1BF0017A753 /* popup.js */ = {isa = PBXFileReference; lastKnownFileType = sourcecode.javascript; name = popup.js; path = Resources/popup.js; sourceTree = "<group>"; };
		2BB120F7304AC1BF0017A753 /* styles.css */ = {isa = PBXFileReference; lastKnownFileType = text.css; name = styles.css; path = Resources/styles.css; sourceTree = "<group>"; };
		2BB120F8304AC1BF0017A753 /* popup.html */ = {isa = PBXFileReference; lastKnownFileType = text.html; name = popup.html; path = Resources/popup.html; sourceTree = "<group>"; };
		2BB120F9304AC1BF0017A753 /* icons */ = {isa = PBXFileReference; lastKnownFileType = folder; name = icons; path = Resources/icons; sourceTree = "<group>"; };
		2BB120FA304AC1BF0017A753 /* manifest.json */ = {isa = PBXFileReference; lastKnownFileType = text.json; name = manifest.json; path = Resources/manifest.json; sourceTree = "<group>"; };
		2BB120FB304AC1BF0017A753 /* content.js */ = {isa = PBXFileReference; lastKnownFileType = sourcecode.javascript; name = content.js; path = Resources/content.js; sourceTree = "<group>"; };
/* End PBXFileReference section */

/* Begin PBXFrameworksBuildPhase section */
		2BB120A6304AC1BF0017A753 /* Frameworks */ = {
			isa = PBXFrameworksBuildPhase;
			buildActionMask = 2147483647;
			files = (
			);
			runOnlyForDeploymentPostprocessing = 0;
		};
		2BB120B8304AC1BF0017A753 /* Frameworks */ = {
			isa = PBXFrameworksBuildPhase;
			buildActionMask = 2147483647;
			files = (
			);
			runOnlyForDeploymentPostprocessing = 0;
		};
		2BB120C4304AC1BF0017A753 /* Frameworks */ = {
			isa = PBXFrameworksBuildPhase;
			buildActionMask = 2147483647;
			files = (
			);
			runOnlyForDeploymentPostprocessing = 0;
		};
		2BB120CE304AC1BF0017A753 /* Frameworks */ = {
			isa = PBXFrameworksBuildPhase;
			buildActionMask = 2147483647;
			files = (
			);
			runOnlyForDeploymentPostprocessing = 0;
		};
/* End PBXFrameworksBuildPhase section */

/* Begin PBXGroup section */
		2BB12095304AC1BD0017A753 = {
			isa = PBXGroup;
			children = (
				2BB1209A304AC1BE0017A753 /* Shared (App) */,
				2BB120A3304AC1BF0017A753 /* Shared (Extension) */,
				2BB120AB304AC1BF0017A753 /* iOS (App) */,
				2BB120BC304AC1BF0017A753 /* macOS (App) */,
				2BB120CB304AC1BF0017A753 /* iOS (Extension) */,
				2BB120D5304AC1BF0017A753 /* macOS (Extension) */,
				2BB120AA304AC1BF0017A753 /* Products */,
			);
			sourceTree = "<group>";
		};
		2BB1209A304AC1BE0017A753 /* Shared (App) */ = {
			isa = PBXGroup;
			children = (
				2BB120A1304AC1BE0017A753 /* ViewController.swift */,
				2BB120A2304AC1BF0017A753 /* Assets.xcassets */,
				2BB1209B304AC1BE0017A753 /* Resources */,
			);
			path = "Shared (App)";
			sourceTree = "<group>";
		};
		2BB1209B304AC1BE0017A753 /* Resources */ = {
			isa = PBXGroup;
			children = (
				2BB1209C304AC1BE0017A753 /* Main.html */,
				2BB1209E304AC1BE0017A753 /* Icon.png */,
				2BB1209F304AC1BE0017A753 /* Style.css */,
				2BB120A0304AC1BE0017A753 /* Script.js */,
			);
			path = Resources;
			sourceTree = "<group>";
		};
		2BB120A3304AC1BF0017A753 /* Shared (Extension) */ = {
			isa = PBXGroup;
			children = (
				2BB120F5304AC1BF0017A753 /* Resources */,
				2BB120A4304AC1BF0017A753 /* SafariWebExtensionHandler.swift */,
			);
			path = "Shared (Extension)";
			sourceTree = "<group>";
		};
		2BB120AA304AC1BF0017A753 /* Products */ = {
			isa = PBXGroup;
			children = (
				2BB120A9304AC1BF0017A753 /* 小说一键换名.app */,
				2BB120BB304AC1BF0017A753 /* 小说一键换名.app */,
				2BB120C7304AC1BF0017A753 /* 小说一键换名 Extension.appex */,
				2BB120D1304AC1BF0017A753 /* 小说一键换名 Extension.appex */,
			);
			name = Products;
			sourceTree = "<group>";
		};
		2BB120AB304AC1BF0017A753 /* iOS (App) */ = {
			isa = PBXGroup;
			children = (
				2BB120AC304AC1BF0017A753 /* AppDelegate.swift */,
				2BB120AE304AC1BF0017A753 /* SceneDelegate.swift */,
				2BB120B0304AC1BF0017A753 /* LaunchScreen.storyboard */,
				2BB120B3304AC1BF0017A753 /* Main.storyboard */,
				2BB120B6304AC1BF0017A753 /* Info.plist */,
			);
			path = "iOS (App)";
			sourceTree = "<group>";
		};
		2BB120BC304AC1BF0017A753 /* macOS (App) */ = {
			isa = PBXGroup;
			children = (
				2BB120BD304AC1BF0017A753 /* AppDelegate.swift */,
				2BB120BF304AC1BF0017A753 /* Main.storyboard */,
				2BB120C2304AC1BF0017A753 /* Info.plist */,
			);
			path = "macOS (App)";
			sourceTree = "<group>";
		};
		2BB120CB304AC1BF0017A753 /* iOS (Extension) */ = {
			isa = PBXGroup;
			children = (
				2BB120CC304AC1BF0017A753 /* Info.plist */,
			);
			path = "iOS (Extension)";
			sourceTree = "<group>";
		};
		2BB120D5304AC1BF0017A753 /* macOS (Extension) */ = {
			isa = PBXGroup;
			children = (
				2BB120D6304AC1BF0017A753 /* Info.plist */,
			);
			path = "macOS (Extension)";
			sourceTree = "<group>";
		};
		2BB120F5304AC1BF0017A753 /* Resources */ = {
			isa = PBXGroup;
			children = (
				2BB120F6304AC1BF0017A753 /* popup.js */,
				2BB120F7304AC1BF0017A753 /* styles.css */,
				2BB120F8304AC1BF0017A753 /* popup.html */,
				2BB120F9304AC1BF0017A753 /* icons */,
				2BB120FA304AC1BF0017A753 /* manifest.json */,
				2BB120FB304AC1BF0017A753 /* content.js */,
			);
			name = Resources;
			path = "Shared (Extension)";
			sourceTree = SOURCE_ROOT;
		};
/* End PBXGroup section */

/* Begin PBXNativeTarget section */
		2BB120A8304AC1BF0017A753 /* 小说一键换名 (iOS) */ = {
			isa = PBXNativeTarget;
			buildConfigurationList = 2BB120EB304AC1BF0017A753 /* Build configuration list for PBXNativeTarget "小说一键换名 (iOS)" */;
			buildPhases = (
				2BB120A5304AC1BF0017A753 /* Sources */,
				2BB120A6304AC1BF0017A753 /* Frameworks */,
				2BB120A7304AC1BF0017A753 /* Resources */,
				2BB120EA304AC1BF0017A753 /* Embed Foundation Extensions */,
			);
			buildRules = (
			);
			dependencies = (
				2BB120CA304AC1BF0017A753 /* PBXTargetDependency */,
			);
			name = "小说一键换名 (iOS)";
			packageProductDependencies = (
			);
			productName = "小说一键换名 (iOS)";
			productReference = 2BB120A9304AC1BF0017A753 /* 小说一键换名.app */;
			productType = "com.apple.product-type.application";
		};
		2BB120BA304AC1BF0017A753 /* 小说一键换名 (macOS) */ = {
			isa = PBXNativeTarget;
			buildConfigurationList = 2BB120F2304AC1BF0017A753 /* Build configuration list for PBXNativeTarget "小说一键换名 (macOS)" */;
			buildPhases = (
				2BB120B7304AC1BF0017A753 /* Sources */,
				2BB120B8304AC1BF0017A753 /* Frameworks */,
				2BB120B9304AC1BF0017A753 /* Resources */,
				2BB120F1304AC1BF0017A753 /* Embed Foundation Extensions */,
			);
			buildRules = (
			);
			dependencies = (
				2BB120D4304AC1BF0017A753 /* PBXTargetDependency */,
			);
			name = "小说一键换名 (macOS)";
			packageProductDependencies = (
			);
			productName = "小说一键换名 (macOS)";
			productReference = 2BB120BB304AC1BF0017A753 /* 小说一键换名.app */;
			productType = "com.apple.product-type.application";
		};
		2BB120C6304AC1BF0017A753 /* 小说一键换名 Extension (iOS) */ = {
			isa = PBXNativeTarget;
			buildConfigurationList = 2BB120E7304AC1BF0017A753 /* Build configuration list for PBXNativeTarget "小说一键换名 Extension (iOS)" */;
			buildPhases = (
				2BB120C3304AC1BF0017A753 /* Sources */,
				2BB120C4304AC1BF0017A753 /* Frameworks */,
				2BB120C5304AC1BF0017A753 /* Resources */,
			);
			buildRules = (
			);
			dependencies = (
			);
			name = "小说一键换名 Extension (iOS)";
			packageProductDependencies = (
			);
			productName = "小说一键换名 Extension (iOS)";
			productReference = 2BB120C7304AC1BF0017A753 /* 小说一键换名 Extension.appex */;
			productType = "com.apple.product-type.app-extension";
		};
		2BB120D0304AC1BF0017A753 /* 小说一键换名 Extension (macOS) */ = {
			isa = PBXNativeTarget;
			buildConfigurationList = 2BB120EE304AC1BF0017A753 /* Build configuration list for PBXNativeTarget "小说一键换名 Extension (macOS)" */;
			buildPhases = (
				2BB120CD304AC1BF0017A753 /* Sources */,
				2BB120CE304AC1BF0017A753 /* Frameworks */,
				2BB120CF304AC1BF0017A753 /* Resources */,
			);
			buildRules = (
			);
			dependencies = (
			);
			name = "小说一键换名 Extension (macOS)";
			packageProductDependencies = (
			);
			productName = "小说一键换名 Extension (macOS)";
			productReference = 2BB120D1304AC1BF0017A753 /* 小说一键换名 Extension.appex */;
			productType = "com.apple.product-type.app-extension";
		};
/* End PBXNativeTarget section */

/* Begin PBXProject section */
		2BB12096304AC1BD0017A753 /* Project object */ = {
			isa = PBXProject;
			attributes = {
				BuildIndependentTargetsInParallel = 1;
				LastSwiftUpdateCheck = 2660;
				LastUpgradeCheck = 2660;
				TargetAttributes = {
					2BB120A8304AC1BF0017A753 = {
						CreatedOnToolsVersion = 26.6;
					};
					2BB120BA304AC1BF0017A753 = {
						CreatedOnToolsVersion = 26.6;
					};
					2BB120C6304AC1BF0017A753 = {
						CreatedOnToolsVersion = 26.6;
					};
					2BB120D0304AC1BF0017A753 = {
						CreatedOnToolsVersion = 26.6;
					};
				};
			};
			buildConfigurationList = 2BB12099304AC1BD0017A753 /* Build configuration list for PBXProject "小说一键换名" */;
			developmentRegion = en;
			hasScannedForEncodings = 0;
			knownRegions = (
				en,
				Base,
			);
			mainGroup = 2BB12095304AC1BD0017A753;
			minimizedProjectReferenceProxies = 1;
			preferredProjectObjectVersion = 77;
			productRefGroup = 2BB120AA304AC1BF0017A753 /* Products */;
			projectDirPath = "";
			projectRoot = "";
			targets = (
				2BB120A8304AC1BF0017A753 /* 小说一键换名 (iOS) */,
				2BB120BA304AC1BF0017A753 /* 小说一键换名 (macOS) */,
				2BB120C6304AC1BF0017A753 /* 小说一键换名 Extension (iOS) */,
				2BB120D0304AC1BF0017A753 /* 小说一键换名 Extension (macOS) */,
			);
		};
/* End PBXProject section */

/* Begin PBXResourcesBuildPhase section */
		2BB120A7304AC1BF0017A753 /* Resources */ = {
			isa = PBXResourcesBuildPhase;
			buildActionMask = 2147483647;
			files = (
				2BB120D9304AC1BF0017A753 /* Icon.png in Resources */,
				2BB120B2304AC1BF0017A753 /* LaunchScreen.storyboard in Resources */,
				2BB120D7304AC1BF0017A753 /* Main.html in Resources */,
				2BB120DD304AC1BF0017A753 /* Script.js in Resources */,
				2BB120E1304AC1BF0017A753 /* Assets.xcassets in Resources */,
				2BB120B5304AC1BF0017A753 /* Main.storyboard in Resources */,
				2BB120DB304AC1BF0017A753 /* Style.css in Resources */,
			);
			runOnlyForDeploymentPostprocessing = 0;
		};
		2BB120B9304AC1BF0017A753 /* Resources */ = {
			isa = PBXResourcesBuildPhase;
			buildActionMask = 2147483647;
			files = (
				2BB120DA304AC1BF0017A753 /* Icon.png in Resources */,
				2BB120DC304AC1BF0017A753 /* Style.css in Resources */,
				2BB120C1304AC1BF0017A753 /* Main.storyboard in Resources */,
				2BB120DE304AC1BF0017A753 /* Script.js in Resources */,
				2BB120E2304AC1BF0017A753 /* Assets.xcassets in Resources */,
				2BB120D8304AC1BF0017A753 /* Main.html in Resources */,
			);
			runOnlyForDeploymentPostprocessing = 0;
		};
		2BB120C5304AC1BF0017A753 /* Resources */ = {
			isa = PBXResourcesBuildPhase;
			buildActionMask = 2147483647;
			files = (
				2BB12107304AC1BF0017A753 /* content.js in Resources */,
				2BB12102304AC1BF0017A753 /* popup.js in Resources */,
				2BB12105304AC1BF0017A753 /* icons in Resources */,
				2BB12106304AC1BF0017A753 /* manifest.json in Resources */,
				2BB12104304AC1BF0017A753 /* popup.html in Resources */,
				2BB12103304AC1BF0017A753 /* styles.css in Resources */,
			);
			runOnlyForDeploymentPostprocessing = 0;
		};
		2BB120CF304AC1BF0017A753 /* Resources */ = {
			isa = PBXResourcesBuildPhase;
			buildActionMask = 2147483647;
			files = (
				2BB12101304AC1BF0017A753 /* content.js in Resources */,
				2BB120FC304AC1BF0017A753 /* popup.js in Resources */,
				2BB120FF304AC1BF0017A753 /* icons in Resources */,
				2BB12100304AC1BF0017A753 /* manifest.json in Resources */,
				2BB120FE304AC1BF0017A753 /* popup.html in Resources */,
				2BB120FD304AC1BF0017A753 /* styles.css in Resources */,
			);
			runOnlyForDeploymentPostprocessing = 0;
		};
/* End PBXResourcesBuildPhase section */

/* Begin PBXSourcesBuildPhase section */
		2BB120A5304AC1BF0017A753 /* Sources */ = {
			isa = PBXSourcesBuildPhase;
			buildActionMask = 2147483647;
			files = (
				2BB120DF304AC1BF0017A753 /* ViewController.swift in Sources */,
				2BB120AD304AC1BF0017A753 /* AppDelegate.swift in Sources */,
				2BB120AF304AC1BF0017A753 /* SceneDelegate.swift in Sources */,
			);
			runOnlyForDeploymentPostprocessing = 0;
		};
		2BB120B7304AC1BF0017A753 /* Sources */ = {
			isa = PBXSourcesBuildPhase;
			buildActionMask = 2147483647;
			files = (
				2BB120E0304AC1BF0017A753 /* ViewController.swift in Sources */,
				2BB120BE304AC1BF0017A753 /* AppDelegate.swift in Sources */,
			);
			runOnlyForDeploymentPostprocessing = 0;
		};
		2BB120C3304AC1BF0017A753 /* Sources */ = {
			isa = PBXSourcesBuildPhase;
			buildActionMask = 2147483647;
			files = (
				2BB120E3304AC1BF0017A753 /* SafariWebExtensionHandler.swift in Sources */,
			);
			runOnlyForDeploymentPostprocessing = 0;
		};
		2BB120CD304AC1BF0017A753 /* Sources */ = {
			isa = PBXSourcesBuildPhase;
			buildActionMask = 2147483647;
			files = (
				2BB120E4304AC1BF0017A753 /* SafariWebExtensionHandler.swift in Sources */,
			);
			runOnlyForDeploymentPostprocessing = 0;
		};
/* End PBXSourcesBuildPhase section */

/* Begin PBXTargetDependency section */
		2BB120CA304AC1BF0017A753 /* PBXTargetDependency */ = {
			isa = PBXTargetDependency;
			target = 2BB120C6304AC1BF0017A753 /* 小说一键换名 Extension (iOS) */;
			targetProxy = 2BB120C9304AC1BF0017A753 /* PBXContainerItemProxy */;
		};
		2BB120D4304AC1BF0017A753 /* PBXTargetDependency */ = {
			isa = PBXTargetDependency;
			target = 2BB120D0304AC1BF0017A753 /* 小说一键换名 Extension (macOS) */;
			targetProxy = 2BB120D3304AC1BF0017A753 /* PBXContainerItemProxy */;
		};
/* End PBXTargetDependency section */

/* Begin PBXVariantGroup section */
		2BB1209C304AC1BE0017A753 /* Main.html */ = {
			isa = PBXVariantGroup;
			children = (
				2BB1209D304AC1BE0017A753 /* Base */,
			);
			name = Main.html;
			sourceTree = "<group>";
		};
		2BB120B0304AC1BF0017A753 /* LaunchScreen.storyboard */ = {
			isa = PBXVariantGroup;
			children = (
				2BB120B1304AC1BF0017A753 /* Base */,
			);
			name = LaunchScreen.storyboard;
			sourceTree = "<group>";
		};
		2BB120B3304AC1BF0017A753 /* Main.storyboard */ = {
			isa = PBXVariantGroup;
			children = (
				2BB120B4304AC1BF0017A753 /* Base */,
			);
			name = Main.storyboard;
			sourceTree = "<group>";
		};
		2BB120BF304AC1BF0017A753 /* Main.storyboard */ = {
			isa = PBXVariantGroup;
			children = (
				2BB120C0304AC1BF0017A753 /* Base */,
			);
			name = Main.storyboard;
			sourceTree = "<group>";
		};
/* End PBXVariantGroup section */

/* Begin XCBuildConfiguration section */
		2BB120E5304AC1BF0017A753 /* Debug */ = {
			isa = XCBuildConfiguration;
			buildSettings = {
				ALWAYS_SEARCH_USER_PATHS = NO;
				ASSETCATALOG_COMPILER_GENERATE_SWIFT_ASSET_SYMBOL_EXTENSIONS = YES;
				CLANG_ANALYZER_NONNULL = YES;
				CLANG_ANALYZER_NUMBER_OBJECT_CONVERSION = YES_AGGRESSIVE;
				CLANG_CXX_LANGUAGE_STANDARD = "gnu++20";
				CLANG_ENABLE_MODULES = YES;
				CLANG_ENABLE_OBJC_ARC = YES;
				CLANG_ENABLE_OBJC_WEAK = YES;
				CLANG_WARN_BLOCK_CAPTURE_AUTORELEASING = YES;
				CLANG_WARN_BOOL_CONVERSION = YES;
				CLANG_WARN_COMMA = YES;
				CLANG_WARN_CONSTANT_CONVERSION = YES;
				CLANG_WARN_DEPRECATED_OBJC_IMPLEMENTATIONS = YES;
				CLANG_WARN_DIRECT_OBJC_ISA_USAGE = YES_ERROR;
				CLANG_WARN_DOCUMENTATION_COMMENTS = YES;
				CLANG_WARN_EMPTY_BODY = YES;
				CLANG_WARN_ENUM_CONVERSION = YES;
				CLANG_WARN_INFINITE_RECURSION = YES;
				CLANG_WARN_INT_CONVERSION = YES;
				CLANG_WARN_NON_LITERAL_NULL_CONVERSION = YES;
				CLANG_WARN_OBJC_IMPLICIT_RETAIN_SELF = YES;
				CLANG_WARN_OBJC_LITERAL_CONVERSION = YES;
				CLANG_WARN_OBJC_ROOT_CLASS = YES_ERROR;
				CLANG_WARN_QUOTED_INCLUDE_IN_FRAMEWORK_HEADER = YES;
				CLANG_WARN_RANGE_LOOP_ANALYSIS = YES;
				CLANG_WARN_STRICT_PROTOTYPES = YES;
				CLANG_WARN_SUSPICIOUS_MOVE = YES;
				CLANG_WARN_UNGUARDED_AVAILABILITY = YES_AGGRESSIVE;
				CLANG_WARN_UNREACHABLE_CODE = YES;
				CLANG_WARN__DUPLICATE_METHOD_MATCH = YES;
				COPY_PHASE_STRIP = NO;
				DEBUG_INFORMATION_FORMAT = dwarf;
				ENABLE_STRICT_OBJC_MSGSEND = YES;
				ENABLE_TESTABILITY = YES;
				ENABLE_USER_SCRIPT_SANDBOXING = YES;
				GCC_C_LANGUAGE_STANDARD = gnu17;
				GCC_DYNAMIC_NO_PIC = NO;
				GCC_NO_COMMON_BLOCKS = YES;
				GCC_OPTIMIZATION_LEVEL = 0;
				GCC_PREPROCESSOR_DEFINITIONS = (
					"DEBUG=1",
					"$(inherited)",
				);
				GCC_WARN_64_TO_32_BIT_CONVERSION = YES;
				GCC_WARN_ABOUT_RETURN_TYPE = YES_ERROR;
				GCC_WARN_UNDECLARED_SELECTOR = YES;
				GCC_WARN_UNINITIALIZED_AUTOS = YES_AGGRESSIVE;
				GCC_WARN_UNUSED_FUNCTION = YES;
				GCC_WARN_UNUSED_VARIABLE = YES;
				LOCALIZATION_PREFERS_STRING_CATALOGS = YES;
				MTL_ENABLE_DEBUG_INFO = INCLUDE_SOURCE;
				MTL_FAST_MATH = YES;
				ONLY_ACTIVE_ARCH = YES;
				SWIFT_ACTIVE_COMPILATION_CONDITIONS = "DEBUG $(inherited)";
				SWIFT_OPTIMIZATION_LEVEL = "-Onone";
			};
			name = Debug;
		};
		2BB120E6304AC1BF0017A753 /* Release */ = {
			isa = XCBuildConfiguration;
			buildSettings = {
				ALWAYS_SEARCH_USER_PATHS = NO;
				ASSETCATALOG_COMPILER_GENERATE_SWIFT_ASSET_SYMBOL_EXTENSIONS = YES;
				CLANG_ANALYZER_NONNULL = YES;
				CLANG_ANALYZER_NUMBER_OBJECT_CONVERSION = YES_AGGRESSIVE;
				CLANG_CXX_LANGUAGE_STANDARD = "gnu++20";
				CLANG_ENABLE_MODULES = YES;
				CLANG_ENABLE_OBJC_ARC = YES;
				CLANG_ENABLE_OBJC_WEAK = YES;
				CLANG_WARN_BLOCK_CAPTURE_AUTORELEASING = YES;
				CLANG_WARN_BOOL_CONVERSION = YES;
				CLANG_WARN_COMMA = YES;
				CLANG_WARN_CONSTANT_CONVERSION = YES;
				CLANG_WARN_DEPRECATED_OBJC_IMPLEMENTATIONS = YES;
				CLANG_WARN_DIRECT_OBJC_ISA_USAGE = YES_ERROR;
				CLANG_WARN_DOCUMENTATION_COMMENTS = YES;
				CLANG_WARN_EMPTY_BODY = YES;
				CLANG_WARN_ENUM_CONVERSION = YES;
				CLANG_WARN_INFINITE_RECURSION = YES;
				CLANG_WARN_INT_CONVERSION = YES;
				CLANG_WARN_NON_LITERAL_NULL_CONVERSION = YES;
				CLANG_WARN_OBJC_IMPLICIT_RETAIN_SELF = YES;
				CLANG_WARN_OBJC_LITERAL_CONVERSION = YES;
				CLANG_WARN_OBJC_ROOT_CLASS = YES_ERROR;
				CLANG_WARN_QUOTED_INCLUDE_IN_FRAMEWORK_HEADER = YES;
				CLANG_WARN_RANGE_LOOP_ANALYSIS = YES;
				CLANG_WARN_STRICT_PROTOTYPES = YES;
				CLANG_WARN_SUSPICIOUS_MOVE = YES;
				CLANG_WARN_UNGUARDED_AVAILABILITY = YES_AGGRESSIVE;
				CLANG_WARN_UNREACHABLE_CODE = YES;
				CLANG_WARN__DUPLICATE_METHOD_MATCH = YES;
				COPY_PHASE_STRIP = NO;
				DEBUG_INFORMATION_FORMAT = "dwarf-with-dsym";
				ENABLE_NS_ASSERTIONS = NO;
				ENABLE_STRICT_OBJC_MSGSEND = YES;
				ENABLE_USER_SCRIPT_SANDBOXING = YES;
				GCC_C_LANGUAGE_STANDARD = gnu17;
				GCC_NO_COMMON_BLOCKS = YES;
				GCC_WARN_64_TO_32_BIT_CONVERSION = YES;
				GCC_WARN_ABOUT_RETURN_TYPE = YES_ERROR;
				GCC_WARN_UNDECLARED_SELECTOR = YES;
				GCC_WARN_UNINITIALIZED_AUTOS = YES_AGGRESSIVE;
				GCC_WARN_UNUSED_FUNCTION = YES;
				GCC_WARN_UNUSED_VARIABLE = YES;
				LOCALIZATION_PREFERS_STRING_CATALOGS = YES;
				MTL_ENABLE_DEBUG_INFO = NO;
				MTL_FAST_MATH = YES;
				SWIFT_COMPILATION_MODE = wholemodule;
			};
			name = Release;
		};
		2BB120E8304AC1BF0017A753 /* Debug */ = {
			isa = XCBuildConfiguration;
			buildSettings = {
				CODE_SIGN_STYLE = Automatic;
				CURRENT_PROJECT_VERSION = 1;
				GENERATE_INFOPLIST_FILE = YES;
				INFOPLIST_FILE = "iOS (Extension)/Info.plist";
				INFOPLIST_KEY_CFBundleDisplayName = "小说一键换名 Extension";
				INFOPLIST_KEY_NSHumanReadableCopyright = "";
				IPHONEOS_DEPLOYMENT_TARGET = 15.0;
				LD_RUNPATH_SEARCH_PATHS = (
					"$(inherited)",
					"@executable_path/Frameworks",
					"@executable_path/../../Frameworks",
				);
				MARKETING_VERSION = 1.0;
				OTHER_LDFLAGS = (
					"-framework",
					SafariServices,
				);
				PRODUCT_BUNDLE_IDENTIFIER = com.xiaoshuo.yijianhuanming.Extension;
				PRODUCT_NAME = "小说一键换名 Extension";
				SDKROOT = iphoneos;
				SKIP_INSTALL = YES;
				STRING_CATALOG_GENERATE_SYMBOLS = YES;
				SWIFT_APPROACHABLE_CONCURRENCY = YES;
				SWIFT_EMIT_LOC_STRINGS = YES;
				SWIFT_UPCOMING_FEATURE_MEMBER_IMPORT_VISIBILITY = YES;
				SWIFT_VERSION = 5.0;
				TARGETED_DEVICE_FAMILY = "1,2";
			};
			name = Debug;
		};
		2BB120E9304AC1BF0017A753 /* Release */ = {
			isa = XCBuildConfiguration;
			buildSettings = {
				CODE_SIGN_STYLE = Automatic;
				CURRENT_PROJECT_VERSION = 1;
				GENERATE_INFOPLIST_FILE = YES;
				INFOPLIST_FILE = "iOS (Extension)/Info.plist";
				INFOPLIST_KEY_CFBundleDisplayName = "小说一键换名 Extension";
				INFOPLIST_KEY_NSHumanReadableCopyright = "";
				IPHONEOS_DEPLOYMENT_TARGET = 15.0;
				LD_RUNPATH_SEARCH_PATHS = (
					"$(inherited)",
					"@executable_path/Frameworks",
					"@executable_path/../../Frameworks",
				);
				MARKETING_VERSION = 1.0;
				OTHER_LDFLAGS = (
					"-framework",
					SafariServices,
				);
				PRODUCT_BUNDLE_IDENTIFIER = com.xiaoshuo.yijianhuanming.Extension;
				PRODUCT_NAME = "小说一键换名 Extension";
				SDKROOT = iphoneos;
				SKIP_INSTALL = YES;
				STRING_CATALOG_GENERATE_SYMBOLS = YES;
				SWIFT_APPROACHABLE_CONCURRENCY = YES;
				SWIFT_EMIT_LOC_STRINGS = YES;
				SWIFT_UPCOMING_FEATURE_MEMBER_IMPORT_VISIBILITY = YES;
				SWIFT_VERSION = 5.0;
				TARGETED_DEVICE_FAMILY = "1,2";
				VALIDATE_PRODUCT = YES;
			};
			name = Release;
		};
		2BB120EC304AC1BF0017A753 /* Debug */ = {
			isa = XCBuildConfiguration;
			buildSettings = {
				ASSETCATALOG_COMPILER_APPICON_NAME = AppIcon;
				ASSETCATALOG_COMPILER_GLOBAL_ACCENT_COLOR_NAME = AccentColor;
				CODE_SIGN_STYLE = Automatic;
				CURRENT_PROJECT_VERSION = 1;
				GENERATE_INFOPLIST_FILE = YES;
				INFOPLIST_FILE = "iOS (App)/Info.plist";
				INFOPLIST_KEY_CFBundleDisplayName = "小说一键换名";
				INFOPLIST_KEY_UIApplicationSupportsIndirectInputEvents = YES;
				INFOPLIST_KEY_UILaunchStoryboardName = LaunchScreen;
				INFOPLIST_KEY_UIMainStoryboardFile = Main;
				INFOPLIST_KEY_UISupportedInterfaceOrientations = "UIInterfaceOrientationPortrait UIInterfaceOrientationLandscapeLeft UIInterfaceOrientationLandscapeRight";
				INFOPLIST_KEY_UISupportedInterfaceOrientations_iPad = "UIInterfaceOrientationPortrait UIInterfaceOrientationPortraitUpsideDown UIInterfaceOrientationLandscapeLeft UIInterfaceOrientationLandscapeRight";
				IPHONEOS_DEPLOYMENT_TARGET = 15.0;
				LD_RUNPATH_SEARCH_PATHS = (
					"$(inherited)",
					"@executable_path/Frameworks",
				);
				MARKETING_VERSION = 1.0;
				OTHER_LDFLAGS = (
					"-framework",
					SafariServices,
					"-framework",
					WebKit,
				);
				PRODUCT_BUNDLE_IDENTIFIER = com.xiaoshuo.yijianhuanming;
				PRODUCT_NAME = "小说一键换名";
				SDKROOT = iphoneos;
				STRING_CATALOG_GENERATE_SYMBOLS = YES;
				SWIFT_APPROACHABLE_CONCURRENCY = YES;
				SWIFT_DEFAULT_ACTOR_ISOLATION = MainActor;
				SWIFT_EMIT_LOC_STRINGS = YES;
				SWIFT_UPCOMING_FEATURE_MEMBER_IMPORT_VISIBILITY = YES;
				SWIFT_VERSION = 5.0;
				TARGETED_DEVICE_FAMILY = "1,2";
			};
			name = Debug;
		};
		2BB120ED304AC1BF0017A753 /* Release */ = {
			isa = XCBuildConfiguration;
			buildSettings = {
				ASSETCATALOG_COMPILER_APPICON_NAME = AppIcon;
				ASSETCATALOG_COMPILER_GLOBAL_ACCENT_COLOR_NAME = AccentColor;
				CODE_SIGN_STYLE = Automatic;
				CURRENT_PROJECT_VERSION = 1;
				GENERATE_INFOPLIST_FILE = YES;
				INFOPLIST_FILE = "iOS (App)/Info.plist";
				INFOPLIST_KEY_CFBundleDisplayName = "小说一键换名";
				INFOPLIST_KEY_UIApplicationSupportsIndirectInputEvents = YES;
				INFOPLIST_KEY_UILaunchStoryboardName = LaunchScreen;
				INFOPLIST_KEY_UIMainStoryboardFile = Main;
				INFOPLIST_KEY_UISupportedInterfaceOrientations = "UIInterfaceOrientationPortrait UIInterfaceOrientationLandscapeLeft UIInterfaceOrientationLandscapeRight";
				INFOPLIST_KEY_UISupportedInterfaceOrientations_iPad = "UIInterfaceOrientationPortrait UIInterfaceOrientationPortraitUpsideDown UIInterfaceOrientationLandscapeLeft UIInterfaceOrientationLandscapeRight";
				IPHONEOS_DEPLOYMENT_TARGET = 15.0;
				LD_RUNPATH_SEARCH_PATHS = (
					"$(inherited)",
					"@executable_path/Frameworks",
				);
				MARKETING_VERSION = 1.0;
				OTHER_LDFLAGS = (
					"-framework",
					SafariServices,
					"-framework",
					WebKit,
				);
				PRODUCT_BUNDLE_IDENTIFIER = com.xiaoshuo.yijianhuanming;
				PRODUCT_NAME = "小说一键换名";
				SDKROOT = iphoneos;
				STRING_CATALOG_GENERATE_SYMBOLS = YES;
				SWIFT_APPROACHABLE_CONCURRENCY = YES;
				SWIFT_DEFAULT_ACTOR_ISOLATION = MainActor;
				SWIFT_EMIT_LOC_STRINGS = YES;
				SWIFT_UPCOMING_FEATURE_MEMBER_IMPORT_VISIBILITY = YES;
				SWIFT_VERSION = 5.0;
				TARGETED_DEVICE_FAMILY = "1,2";
				VALIDATE_PRODUCT = YES;
			};
			name = Release;
		};
		2BB120EF304AC1BF0017A753 /* Debug */ = {
			isa = XCBuildConfiguration;
			buildSettings = {
				CODE_SIGN_STYLE = Automatic;
				CURRENT_PROJECT_VERSION = 1;
				ENABLE_APP_SANDBOX = YES;
				ENABLE_HARDENED_RUNTIME = YES;
				ENABLE_USER_SELECTED_FILES = readonly;
				GENERATE_INFOPLIST_FILE = YES;
				INFOPLIST_FILE = "macOS (Extension)/Info.plist";
				INFOPLIST_KEY_CFBundleDisplayName = "小说一键换名 Extension";
				INFOPLIST_KEY_NSHumanReadableCopyright = "";
				LD_RUNPATH_SEARCH_PATHS = (
					"$(inherited)",
					"@executable_path/../Frameworks",
					"@executable_path/../../../../Frameworks",
				);
				MACOSX_DEPLOYMENT_TARGET = 10.14;
				MARKETING_VERSION = 1.0;
				OTHER_LDFLAGS = (
					"-framework",
					SafariServices,
				);
				PRODUCT_BUNDLE_IDENTIFIER = com.xiaoshuo.yijianhuanming.Extension;
				PRODUCT_NAME = "小说一键换名 Extension";
				SDKROOT = macosx;
				SKIP_INSTALL = YES;
				STRING_CATALOG_GENERATE_SYMBOLS = YES;
				SWIFT_APPROACHABLE_CONCURRENCY = YES;
				SWIFT_EMIT_LOC_STRINGS = YES;
				SWIFT_UPCOMING_FEATURE_MEMBER_IMPORT_VISIBILITY = YES;
				SWIFT_VERSION = 5.0;
			};
			name = Debug;
		};
		2BB120F0304AC1BF0017A753 /* Release */ = {
			isa = XCBuildConfiguration;
			buildSettings = {
				CODE_SIGN_STYLE = Automatic;
				CURRENT_PROJECT_VERSION = 1;
				ENABLE_APP_SANDBOX = YES;
				ENABLE_HARDENED_RUNTIME = YES;
				ENABLE_USER_SELECTED_FILES = readonly;
				GENERATE_INFOPLIST_FILE = YES;
				INFOPLIST_FILE = "macOS (Extension)/Info.plist";
				INFOPLIST_KEY_CFBundleDisplayName = "小说一键换名 Extension";
				INFOPLIST_KEY_NSHumanReadableCopyright = "";
				LD_RUNPATH_SEARCH_PATHS = (
					"$(inherited)",
					"@executable_path/../Frameworks",
					"@executable_path/../../../../Frameworks",
				);
				MACOSX_DEPLOYMENT_TARGET = 10.14;
				MARKETING_VERSION = 1.0;
				OTHER_LDFLAGS = (
					"-framework",
					SafariServices,
				);
				PRODUCT_BUNDLE_IDENTIFIER = com.xiaoshuo.yijianhuanming.Extension;
				PRODUCT_NAME = "小说一键换名 Extension";
				SDKROOT = macosx;
				SKIP_INSTALL = YES;
				STRING_CATALOG_GENERATE_SYMBOLS = YES;
				SWIFT_APPROACHABLE_CONCURRENCY = YES;
				SWIFT_EMIT_LOC_STRINGS = YES;
				SWIFT_UPCOMING_FEATURE_MEMBER_IMPORT_VISIBILITY = YES;
				SWIFT_VERSION = 5.0;
			};
			name = Release;
		};
		2BB120F3304AC1BF0017A753 /* Debug */ = {
			isa = XCBuildConfiguration;
			buildSettings = {
				ASSETCATALOG_COMPILER_APPICON_NAME = AppIcon;
				ASSETCATALOG_COMPILER_GLOBAL_ACCENT_COLOR_NAME = AccentColor;
				CODE_SIGN_STYLE = Automatic;
				CURRENT_PROJECT_VERSION = 1;
				ENABLE_APP_SANDBOX = YES;
				ENABLE_HARDENED_RUNTIME = YES;
				ENABLE_OUTGOING_NETWORK_CONNECTIONS = YES;
				ENABLE_USER_SELECTED_FILES = readonly;
				GENERATE_INFOPLIST_FILE = YES;
				INFOPLIST_FILE = "macOS (App)/Info.plist";
				INFOPLIST_KEY_CFBundleDisplayName = "小说一键换名";
				INFOPLIST_KEY_NSMainStoryboardFile = Main;
				INFOPLIST_KEY_NSPrincipalClass = NSApplication;
				LD_RUNPATH_SEARCH_PATHS = (
					"$(inherited)",
					"@executable_path/../Frameworks",
				);
				MACOSX_DEPLOYMENT_TARGET = 10.14;
				MARKETING_VERSION = 1.0;
				OTHER_LDFLAGS = (
					"-framework",
					SafariServices,
					"-framework",
					WebKit,
				);
				PRODUCT_BUNDLE_IDENTIFIER = com.xiaoshuo.yijianhuanming;
				PRODUCT_NAME = "小说一键换名";
				REGISTER_APP_GROUPS = YES;
				SDKROOT = macosx;
				STRING_CATALOG_GENERATE_SYMBOLS = YES;
				SWIFT_APPROACHABLE_CONCURRENCY = YES;
				SWIFT_DEFAULT_ACTOR_ISOLATION = MainActor;
				SWIFT_EMIT_LOC_STRINGS = YES;
				SWIFT_UPCOMING_FEATURE_MEMBER_IMPORT_VISIBILITY = YES;
				SWIFT_VERSION = 5.0;
			};
			name = Debug;
		};
		2BB120F4304AC1BF0017A753 /* Release */ = {
			isa = XCBuildConfiguration;
			buildSettings = {
				ASSETCATALOG_COMPILER_APPICON_NAME = AppIcon;
				ASSETCATALOG_COMPILER_GLOBAL_ACCENT_COLOR_NAME = AccentColor;
				CODE_SIGN_STYLE = Automatic;
				CURRENT_PROJECT_VERSION = 1;
				ENABLE_APP_SANDBOX = YES;
				ENABLE_HARDENED_RUNTIME = YES;
				ENABLE_OUTGOING_NETWORK_CONNECTIONS = YES;
				ENABLE_USER_SELECTED_FILES = readonly;
				GENERATE_INFOPLIST_FILE = YES;
				INFOPLIST_FILE = "macOS (App)/Info.plist";
				INFOPLIST_KEY_CFBundleDisplayName = "小说一键换名";
				INFOPLIST_KEY_NSMainStoryboardFile = Main;
				INFOPLIST_KEY_NSPrincipalClass = NSApplication;
				LD_RUNPATH_SEARCH_PATHS = (
					"$(inherited)",
					"@executable_path/../Frameworks",
				);
				MACOSX_DEPLOYMENT_TARGET = 10.14;
				MARKETING_VERSION = 1.0;
				OTHER_LDFLAGS = (
					"-framework",
					SafariServices,
					"-framework",
					WebKit,
				);
				PRODUCT_BUNDLE_IDENTIFIER = com.xiaoshuo.yijianhuanming;
				PRODUCT_NAME = "小说一键换名";
				REGISTER_APP_GROUPS = YES;
				SDKROOT = macosx;
				STRING_CATALOG_GENERATE_SYMBOLS = YES;
				SWIFT_APPROACHABLE_CONCURRENCY = YES;
				SWIFT_DEFAULT_ACTOR_ISOLATION = MainActor;
				SWIFT_EMIT_LOC_STRINGS = YES;
				SWIFT_UPCOMING_FEATURE_MEMBER_IMPORT_VISIBILITY = YES;
				SWIFT_VERSION = 5.0;
			};
			name = Release;
		};
/* End XCBuildConfiguration section */

/* Begin XCConfigurationList section */
		2BB12099304AC1BD0017A753 /* Build configuration list for PBXProject "小说一键换名" */ = {
			isa = XCConfigurationList;
			buildConfigurations = (
				2BB120E5304AC1BF0017A753 /* Debug */,
				2BB120E6304AC1BF0017A753 /* Release */,
			);
			defaultConfigurationIsVisible = 0;
			defaultConfigurationName = Release;
		};
		2BB120E7304AC1BF0017A753 /* Build configuration list for PBXNativeTarget "小说一键换名 Extension (iOS)" */ = {
			isa = XCConfigurationList;
			buildConfigurations = (
				2BB120E8304AC1BF0017A753 /* Debug */,
				2BB120E9304AC1BF0017A753 /* Release */,
			);
			defaultConfigurationIsVisible = 0;
			defaultConfigurationName = Release;
		};
		2BB120EB304AC1BF0017A753 /* Build configuration list for PBXNativeTarget "小说一键换名 (iOS)" */ = {
			isa = XCConfigurationList;
			buildConfigurations = (
				2BB120EC304AC1BF0017A753 /* Debug */,
				2BB120ED304AC1BF0017A753 /* Release */,
			);
			defaultConfigurationIsVisible = 0;
			defaultConfigurationName = Release;
		};
		2BB120EE304AC1BF0017A753 /* Build configuration list for PBXNativeTarget "小说一键换名 Extension (macOS)" */ = {
			isa = XCConfigurationList;
			buildConfigurations = (
				2BB120EF304AC1BF0017A753 /* Debug */,
				2BB120F0304AC1BF0017A753 /* Release */,
			);
			defaultConfigurationIsVisible = 0;
			defaultConfigurationName = Release;
		};
		2BB120F2304AC1BF0017A753 /* Build configuration list for PBXNativeTarget "小说一键换名 (macOS)" */ = {
			isa = XCConfigurationList;
			buildConfigurations = (
				2BB120F3304AC1BF0017A753 /* Debug */,
				2BB120F4304AC1BF0017A753 /* Release */,
			);
			defaultConfigurationIsVisible = 0;
			defaultConfigurationName = Release;
		};
/* End XCConfigurationList section */
	};
	rootObject = 2BB12096304AC1BD0017A753 /* Project object */;
}
